#MicroXplorer Configuration settings - do not modify
Mcu.Family=STM32F4
ProjectManager.MainLocation=Core/Src
ProjectManager.ProjectFileName=PID_Controller.ioc
Dma.ADC1.0.Instance=DMA2_Stream0
RCC.CortexFreq_Value=16000000
ProjectManager.KeepUserCode=true
Mcu.UserName=STM32F401RETx
Mcu.PinsNb=12
PC13-ANTI_TAMP.GPIO_PuPd=GPIO_PULLUP
ADC1.ContinuousConvMode=DISABLE
ProjectManager.NoMain=false
ADC1.IPParameters=Rank-1\#ChannelRegularConversion,master,Channel-1\#ChannelRegularConversion,SamplingTime-1\#ChannelRegularConversion,NbrOfConversionFlag,Rank-2\#ChannelRegularConversion,Channel-2\#ChannelRegularConversion,SamplingTime-2\#ChannelRegularConversion,NbrOfConversion,ContinuousConvMode,InjNumberOfConversion,Rank-5\#ChannelRegularConversion,Channel-5\#ChannelRegularConversion,SamplingTime-5\#ChannelRegularConversion
RCC.PLLCLKFreq_Value=168000000
RCC.PLLQCLKFreq_Value=84000000
ProjectManager.functionlistsort=1-MX_GPIO_Init-GPIO-false-HAL-true,2-MX_DMA_Init-DMA-false-HAL-true,3-SystemClock_Config-RCC-false-HAL-false,4-MX_ADC1_Init-ADC1-false-HAL-true,5-MX_TIM2_Init-TIM2-false-HAL-true,6-MX_TIM3_Init-TIM3-false-HAL-true
PA9.GPIOParameters=GPIO_PuPd
RCC.RTCFreq_Value=32000
ProjectManager.DefaultFWLocation=true
ProjectManager.DeletePrevious=true
SH.S_TIM3_CH3.0=TIM3_CH3,PWM Generation3 CH3
PA9.GPIO_PuPd=GPIO_PULLUP
PinOutPanel.RotationAngle=0
ADC1.SamplingTime-2\#ChannelRegularConversion=ADC_SAMPLETIME_3CYCLES
ProjectManager.StackSize=0x400
PA0-WKUP.Signal=ADCx_IN0
SH.GPXTI13.0=GPIO_EXTI13
PA13.Signal=SYS_JTMS-SWDIO
Mcu.IP4=SYS
TIM3.Channel-PWM\ Generation3\ CH3=TIM_CHANNEL_3
RCC.FCLKCortexFreq_Value=16000000
Mcu.IP5=TIM2
Mcu.IP2=NVIC
NVIC.SVCall_IRQn=true\:0\:0\:false\:false\:true\:false\:false
NVIC.ADC_IRQn=true\:0\:0\:false\:false\:true\:true\:true
Mcu.IP3=RCC
Mcu.IP0=ADC1
Dma.ADC1.0.PeriphDataAlignment=DMA_PDATAALIGN_WORD
Mcu.IP1=DMA
Mcu.UserConstants=
ADC1.Channel-5\#ChannelRegularConversion=ADC_CHANNEL_5
ProjectManager.TargetToolchain=STM32CubeIDE
SH.GPXTI13.ConfNb=1
SH.S_TIM3_CH3.ConfNb=1
Dma.ADC1.0.Mode=DMA_CIRCULAR
Mcu.ThirdPartyNb=0
RCC.HCLKFreq_Value=16000000
Mcu.IPNb=7
RCC.I2SClocksFreq_Value=192000000
TIM2.IPParameters=Channel-PWM Generation1 No Output,Period,TIM_MasterOutputTrigger,Prescaler
ProjectManager.PreviousToolchain=
Dma.ADC1.0.Priority=DMA_PRIORITY_LOW
RCC.APB2TimFreq_Value=16000000
PA9.Signal=GPIO_Input
ADC1.Channel-1\#ChannelRegularConversion=ADC_CHANNEL_0
Dma.ADC1.0.Direction=DMA_PERIPH_TO_MEMORY
RCC.VcooutputI2S=192000000
ADC1.Channel-2\#ChannelRegularConversion=ADC_CHANNEL_1
ADC1.InjNumberOfConversion=0
Mcu.Pin6=PB0
Mcu.Pin7=PA9
NVIC.DMA2_Stream0_IRQn=true\:0\:0\:false\:false\:true\:false\:true
ProjectManager.RegisterCallBack=
Mcu.Pin8=PA13
Mcu.Pin9=PA14
RCC.LSE_VALUE=32768
Dma.ADC1.0.MemDataAlignment=DMA_MDATAALIGN_WORD
PA1.Signal=ADCx_IN1
RCC.AHBFreq_Value=16000000
Mcu.Pin0=PC13-ANTI_TAMP
Mcu.Pin1=PA0-WKUP
VP_TIM2_VS_no_output1.Signal=TIM2_VS_no_output1
GPIO.groupedBy=Group By Peripherals
Mcu.Pin2=PA1
Mcu.Pin3=PA2
Mcu.Pin4=PA3
NVIC.EXTI15_10_IRQn=true\:0\:0\:false\:false\:true\:true\:true
RCC.VCOI2SOutputFreq_Value=384000000
Mcu.Pin5=PA5
PA5.Signal=ADCx_IN5
TIM3.Pulse-PWM\ Generation3\ CH3=65535
ProjectManager.ProjectBuild=false
RCC.HSE_VALUE=25000000
NVIC.UsageFault_IRQn=true\:0\:0\:false\:false\:true\:false\:false
VP_TIM2_VS_no_output1.Mode=PWM Generation1 No Output
NVIC.DebugMonitor_IRQn=true\:0\:0\:false\:false\:true\:false\:false
board=custom
PC13-ANTI_TAMP.Signal=GPXTI13
RCC.VCOOutputFreq_Value=336000000
PC13-ANTI_TAMP.Locked=true
NVIC.SysTick_IRQn=true\:0\:0\:false\:false\:true\:false\:true
ProjectManager.LastFirmware=true
Dma.ADC1.0.RequestParameters=Instance,Direction,PeriphInc,MemInc,PeriphDataAlignment,MemDataAlignment,Mode,Priority,FIFOMode
ProjectManager.FirmwarePackage=STM32Cube FW_F4 V1.26.2
MxDb.Version=DB.6.0.21
RCC.APB2Freq_Value=16000000
ADC1.Rank-2\#ChannelRegularConversion=2
ProjectManager.BackupPrevious=false
MxCube.Version=6.2.1
RCC.VCOInputFreq_Value=2000000
PA14.Mode=Serial_Wire
SH.ADCx_IN0.ConfNb=1
SH.ADCx_IN1.ConfNb=1
Dma.ADC1.0.PeriphInc=DMA_PINC_DISABLE
File.Version=6
VP_SYS_VS_Systick.Mode=SysTick
TIM3.IPParameters=Channel-PWM Generation3 CH3,Pulse-PWM Generation3 CH3
PA9.Locked=true
NVIC.NonMaskableInt_IRQn=true\:0\:0\:false\:false\:true\:false\:false
SH.ADCx_IN0.0=ADC1_IN0,IN0
NVIC.PendSV_IRQn=true\:0\:0\:false\:false\:true\:false\:false
TIM2.Period=65535
ADC1.NbrOfConversion=3
PA13.Mode=Serial_Wire
ProjectManager.FreePins=false
RCC.IPParameters=48MHZClocksFreq_Value,AHBFreq_Value,APB1Freq_Value,APB1TimFreq_Value,APB2Freq_Value,APB2TimFreq_Value,CortexFreq_Value,FCLKCortexFreq_Value,HCLKFreq_Value,HSE_VALUE,HSI_VALUE,I2SClocksFreq_Value,LSE_VALUE,LSI_VALUE,MCO2PinFreq_Value,PLLCLKFreq_Value,PLLM,PLLN,PLLQCLKFreq_Value,RTCFreq_Value,RTCHSEDivFreq_Value,SYSCLKFreq_VALUE,VCOI2SOutputFreq_Value,VCOInputFreq_Value,VCOOutputFreq_Value,VcooutputI2S
ProjectManager.AskForMigrate=true
Mcu.Name=STM32F401R(D-E)Tx
Dma.RequestsNb=1
ProjectManager.HalAssertFull=false
RCC.RTCHSEDivFreq_Value=12500000
PA2.Signal=GPIO_Analog
ProjectManager.ProjectName=PID_Controller
ProjectManager.UnderRoot=true
Mcu.IP6=TIM3
ProjectManager.CoupleFile=false
RCC.48MHZClocksFreq_Value=84000000
RCC.MCO2PinFreq_Value=16000000
ADC1.SamplingTime-1\#ChannelRegularConversion=ADC_SAMPLETIME_3CYCLES
RCC.SYSCLKFreq_VALUE=16000000
Mcu.Package=LQFP64
TIM2.Prescaler=15
ADC1.master=1
PA3.Locked=true
NVIC.ForceEnableDMAVector=true
KeepUserPlacement=false
NVIC.MemoryManagement_IRQn=true\:0\:0\:false\:false\:true\:false\:false
ProjectManager.CompilerOptimize=6
ADC1.Rank-1\#ChannelRegularConversion=1
PC13-ANTI_TAMP.GPIO_ModeDefaultEXTI=GPIO_MODE_IT_RISING
ProjectManager.ToolChainLocation=
RCC.LSI_VALUE=32000
VP_SYS_VS_Systick.Signal=SYS_VS_Systick
PA14.Signal=SYS_JTCK-SWCLK
Dma.ADC1.0.MemInc=DMA_MINC_ENABLE
ProjectManager.HeapSize=0x200
NVIC.HardFault_IRQn=true\:0\:0\:false\:false\:true\:false\:false
ADC1.SamplingTime-5\#ChannelRegularConversion=ADC_SAMPLETIME_3CYCLES
ProjectManager.ComputerToolchain=false
RCC.HSI_VALUE=16000000
SH.ADCx_IN5.0=ADC1_IN5,IN5
NVIC.PriorityGroup=NVIC_PRIORITYGROUP_4
TIM2.TIM_MasterOutputTrigger=TIM_TRGO_UPDATE
ADC1.NbrOfConversionFlag=1
TIM2.Channel-PWM\ Generation1\ No\ Output=TIM_CHANNEL_1
SH.ADCx_IN1.0=ADC1_IN1,IN1
Mcu.Pin11=VP_TIM2_VS_no_output1
RCC.PLLM=8
RCC.PLLN=168
Mcu.Pin10=VP_SYS_VS_Systick
RCC.APB1TimFreq_Value=16000000
NVIC.BusFault_IRQn=true\:0\:0\:false\:false\:true\:false\:false
Dma.ADC1.0.FIFOMode=DMA_FIFOMODE_DISABLE
SH.ADCx_IN5.ConfNb=1
Dma.Request0=ADC1
RCC.APB1Freq_Value=16000000
PB0.Signal=S_TIM3_CH3
ProjectManager.CustomerFirmwarePackage=
ADC1.Rank-5\#ChannelRegularConversion=3
ProjectManager.DeviceId=STM32F401RETx
NVIC.RCC_IRQn=true\:0\:0\:false\:false\:true\:true\:false
ProjectManager.LibraryCopy=1
PA3.Signal=GPIO_Analog
PC13-ANTI_TAMP.GPIOParameters=GPIO_PuPd,GPIO_ModeDefaultEXTI
PA2.Locked=true
isbadioc=false
